
Microsoft Visual Studio Solution File, Format Version 12.00
# Visual Studio Version 16
VisualStudioVersion = 16.0.29521.150
MinimumVisualStudioVersion = 10.0.40219.1
Project("{9A19103F-16F7-4668-BE54-9A1E7A4F7556}") = "SearchEngine.Core", "SearchEngine.Core\SearchEngine.Core.csproj", "{C91719E5-C466-458F-8BAB-699F21C43961}"
EndProject
Project("{FAE04EC0-301F-11D3-BF4B-00C04F79EFBC}") = "SearchEngine.Tests", "SearchEngine.Tests\SearchEngine.Tests.csproj", "{96C32A0D-5288-48CE-BD84-29A867383DF2}"
EndProject
Global
	GlobalSection(SolutionConfigurationPlatforms) = preSolution
		Debug|Any CPU = Debug|Any CPU
		Release|Any CPU = Release|Any CPU
	EndGlobalSection
	GlobalSection(ProjectConfigurationPlatforms) = postSolution
		{C91719E5-C466-458F-8BAB-699F21C43961}.Debug|Any CPU.ActiveCfg = Debug|Any CPU
		{C91719E5-C466-458F-8BAB-699F21C43961}.Debug|Any CPU.Build.0 = Debug|Any CPU
		{C91719E5-C466-458F-8BAB-699F21C43961}.Release|Any CPU.ActiveCfg = Release|Any CPU
		{C91719E5-C466-458F-8BAB-699F21C43961}.Release|Any CPU.Build.0 = Release|Any CPU
		{96C32A0D-5288-48CE-BD84-29A867383DF2}.Debug|Any CPU.ActiveCfg = Debug|Any CPU
		{96C32A0D-5288-48CE-BD84-29A867383DF2}.Debug|Any CPU.Build.0 = Debug|Any CPU
		{96C32A0D-5288-48CE-BD84-29A867383DF2}.Release|Any CPU.ActiveCfg = Release|Any CPU
		{96C32A0D-5288-48CE-BD84-29A867383DF2}.Release|Any CPU.Build.0 = Release|Any CPU
	EndGlobalSection
	GlobalSection(SolutionProperties) = preSolution
		HideSolutionNode = FALSE
	EndGlobalSection
	GlobalSection(ExtensibilityGlobals) = postSolution
		SolutionGuid = {B0F93BA4-F01F-4497-A073-7351EDB52ED4}
	EndGlobalSection
EndGlobal
